{
  "lockfileVersion": 1,
  "configVersion": 1,
  "workspaces": {
    "": {
      "name": "opencode-plugin-viche",
      "dependencies": {
        "phoenix": "^1.8.5",
        "zod": "^4.0.0",
      },
      "devDependencies": {
        "@types/node": "^25.5.0",
        "typescript": "^5.9.3",
      },
      "peerDependencies": {
        "@opencode-ai/plugin": ">=0.0.1",
        "@opencode-ai/sdk": ">=0.0.1",
      },
      "optionalPeers": [
        "@opencode-ai/plugin",
        "@opencode-ai/sdk",
      ],
    },
  },
  "packages": {
    "@types/node": ["@types/node@25.5.0", "", { "dependencies": { "undici-types": "~7.18.0" } }, "sha512-jp2P3tQMSxWugkCUKLRPVUpGaL5MVFwF8RDuSRztfwgN1wmqJeMSbKlnEtQqU8UrhTmzEmZdu2I6v2dpp7XIxw=="],

    "phoenix": ["phoenix@1.8.5", "", {}, "sha512-Oj5nlRV/NKXkjBx8uMgCMmgMf1twd/B2qOcO30cHLH1PCGR8149o4T1lRIaqN4nq2KQJAeMqPiLdh1Asd0wQFg=="],

    "typescript": ["typescript@5.9.3", "", { "bin": { "tsc": "bin/tsc", "tsserver": "bin/tsserver" } }, "sha512-jl1vZzPDinLr9eUt3J/t7V6FgNEw9QjvBPdysz9KfQDD41fQrC2Y4vKQdiaUpFT4bXlb1RHhLpp8wtm6M5TgSw=="],

    "undici-types": ["undici-types@7.18.2", "", {}, "sha512-AsuCzffGHJybSaRrmr5eHr81mwJU3kjw6M+uprWvCXiNeN9SOGwQ3Jn8jb8m3Z6izVgknn1R0FTCEAP2QrLY/w=="],

    "zod": ["zod@4.3.6", "", {}, "sha512-rftlrkhHZOcjDwkGlnUtZZkvaPHCsDATp4pGpuOOMDaTdDDXF91wuVDJoWoPsKX/3YPQ5fHuF3STjcYyKr+Qhg=="],
  }
}
